// !$*UTF8*$!
{
	archiveVersion = 1;
	classes = {
	};
	objectVersion = 46;
	objects = {

/* Begin PBXBuildFile section */
		683C90A11D70E29300CE0430 /* main.m in Sources */ = {isa = PBXBuildFile; fileRef = 683C90A01D70E29300CE0430 /* main.m */; };
		683C90A41D70E29300CE0430 /* AppDelegate.m in Sources */ = {isa = PBXBuildFile; fileRef = 683C90A31D70E29300CE0430 /* AppDelegate.m */; };
		683C90A71D70E29300CE0430 /* Start.m in Sources */ = {isa = PBXBuildFile; fileRef = 683C90A61D70E29300CE0430 /* Start.m */; };
		683C90AA1D70E29300CE0430 /* Main.storyboard in Resources */ = {isa = PBXBuildFile; fileRef = 683C90A81D70E29300CE0430 /* Main.storyboard */; };
		683C90AD1D70E29300CE0430 /* Product_Catalog.xcdatamodeld in Sources */ = {isa = PBXBuildFile; fileRef = 683C90AB1D70E29300CE0430 /* Product_Catalog.xcdatamodeld */; };
		683C90AF1D70E29300CE0430 /* Assets.xcassets in Resources */ = {isa = PBXBuildFile; fileRef = 683C90AE1D70E29300CE0430 /* Assets.xcassets */; };
		683C90B21D70E29300CE0430 /* LaunchScreen.storyboard in Resources */ = {isa = PBXBuildFile; fileRef = 683C90B01D70E29300CE0430 /* LaunchScreen.storyboard */; };
		683C90BD1D70FAB100CE0430 /* Intro.m in Sources */ = {isa = PBXBuildFile; fileRef = 683C90BC1D70FAB100CE0430 /* Intro.m */; };
		683C90C01D70FC3A00CE0430 /* Declarations.m in Sources */ = {isa = PBXBuildFile; fileRef = 683C90BF1D70FC3A00CE0430 /* Declarations.m */; };
/* End PBXBuildFile section */

/* Begin PBXFileReference section */
		683C909C1D70E29300CE0430 /* Product Catalog.app */ = {isa = PBXFileReference; explicitFileType = wrapper.application; includeInIndex = 0; path = "Product Catalog.app"; sourceTree = BUILT_PRODUCTS_DIR; };
		683C90A01D70E29300CE0430 /* main.m */ = {isa = PBXFileReference; lastKnownFileType = sourcecode.c.objc; path = main.m; sourceTree = "<group>"; };
		683C90A21D70E29300CE0430 /* AppDelegate.h */ = {isa = PBXFileReference; lastKnownFileType = sourcecode.c.h; path = AppDelegate.h; sourceTree = "<group>"; };
		683C90A31D70E29300CE0430 /* AppDelegate.m */ = {isa = PBXFileReference; lastKnownFileType = sourcecode.c.objc; path = AppDelegate.m; sourceTree = "<group>"; };
		683C90A51D70E29300CE0430 /* Start.h */ = {isa = PBXFileReference; lastKnownFileType = sourcecode.c.h; path = Start.h; sourceTree = "<group>"; };
		683C90A61D70E29300CE0430 /* Start.m */ = {isa = PBXFileReference; lastKnownFileType = sourcecode.c.objc; path = Start.m; sourceTree = "<group>"; };
		683C90A91D70E29300CE0430 /* Base */ = {isa = PBXFileReference; lastKnownFileType = file.storyboard; name = Base; path = Base.lproj/Main.storyboard; sourceTree = "<group>"; };
		683C90AC1D70E29300CE0430 /* Product_Catalog.xcdatamodel */ = {isa = PBXFileReference; lastKnownFileType = wrapper.xcdatamodel; path = Product_Catalog.xcdatamodel; sourceTree = "<group>"; };
		683C90AE1D70E29300CE0430 /* Assets.xcassets */ = {isa = PBXFileReference; lastKnownFileType = folder.assetcatalog; path = Assets.xcassets; sourceTree = "<group>"; };
		683C90B11D70E29300CE0430 /* Base */ = {isa = PBXFileReference; lastKnownFileType = file.storyboard; name = Base; path = Base.lproj/LaunchScreen.storyboard; sourceTree = "<group>"; };
		683C90B31D70E29300CE0430 /* Info.plist */ = {isa = PBXFileReference; lastKnownFileType = text.plist.xml; path = Info.plist; sourceTree = "<group>"; };
		683C90BB1D70FAB100CE0430 /* Intro.h */ = {isa = PBXFileReference; fileEncoding = 4; lastKnownFileType = sourcecode.c.h; path = Intro.h; sourceTree = "<group>"; };
		683C90BC1D70FAB100CE0430 /* Intro.m */ = {isa = PBXFileReference; fileEncoding = 4; lastKnownFileType = sourcecode.c.objc; path = Intro.m; sourceTree = "<group>"; };
		683C90BE1D70FC3A00CE0430 /* Declarations.h */ = {isa = PBXFileReference; fileEncoding = 4; lastKnownFileType = sourcecode.c.h; path = Declarations.h; sourceTree = "<group>"; };
		683C90BF1D70FC3A00CE0430 /* Declarations.m */ = {isa = PBXFileReference; fileEncoding = 4; lastKnownFileType = sourcecode.c.objc; path = Declarations.m; sourceTree = "<group>"; };
/* End PBXFileReference section */

/* Begin PBXFrameworksBuildPhase section */
		683C90991D70E29300CE0430 /* Frameworks */ = {
			isa = PBXFrameworksBuildPhase;
			buildActionMask = 2147483647;
			files = (
			);
			runOnlyForDeploymentPostprocessing = 0;
		};
/* End PBXFrameworksBuildPhase section */

/* Begin PBXGroup section */
		683C90931D70E29300CE0430 = {
			isa = PBXGroup;
			children = (
				683C909E1D70E29300CE0430 /* Product Catalog */,
				683C909D1D70E29300CE0430 /* Products */,
			);
			sourceTree = "<group>";
		};
		683C909D1D70E29300CE0430 /* Products */ = {
			isa = PBXGroup;
			children = (
				683C909C1D70E29300CE0430 /* Product Catalog.app */,
			);
			name = Products;
			sourceTree = "<group>";
		};
		683C909E1D70E29300CE0430 /* Product Catalog */ = {
			isa = PBXGroup;
			children = (
				683C90B91D70E2FB00CE0430 /* Main */,
				683C90BA1D70E30E00CE0430 /* Controllers */,
				683C90A81D70E29300CE0430 /* Main.storyboard */,
				683C90AE1D70E29300CE0430 /* Assets.xcassets */,
				683C90B01D70E29300CE0430 /* LaunchScreen.storyboard */,
				683C90B31D70E29300CE0430 /* Info.plist */,
				683C90AB1D70E29300CE0430 /* Product_Catalog.xcdatamodeld */,
				683C909F1D70E29300CE0430 /* Supporting Files */,
			);
			path = "Product Catalog";
			sourceTree = "<group>";
		};
		683C909F1D70E29300CE0430 /* Supporting Files */ = {
			isa = PBXGroup;
			children = (
				683C90A01D70E29300CE0430 /* main.m */,
			);
			name = "Supporting Files";
			sourceTree = "<group>";
		};
		683C90B91D70E2FB00CE0430 /* Main */ = {
			isa = PBXGroup;
			children = (
				683C90A21D70E29300CE0430 /* AppDelegate.h */,
				683C90A31D70E29300CE0430 /* AppDelegate.m */,
				683C90BE1D70FC3A00CE0430 /* Declarations.h */,
				683C90BF1D70FC3A00CE0430 /* Declarations.m */,
			);
			name = Main;
			sourceTree = "<group>";
		};
		683C90BA1D70E30E00CE0430 /* Controllers */ = {
			isa = PBXGroup;
			children = (
				683C90A51D70E29300CE0430 /* Start.h */,
				683C90A61D70E29300CE0430 /* Start.m */,
				683C90BB1D70FAB100CE0430 /* Intro.h */,
				683C90BC1D70FAB100CE0430 /* Intro.m */,
			);
			name = Controllers;
			sourceTree = "<group>";
		};
/* End PBXGroup section */

/* Begin PBXNativeTarget section */
		683C909B1D70E29300CE0430 /* Product Catalog */ = {
			isa = PBXNativeTarget;
			buildConfigurationList = 683C90B61D70E29300CE0430 /* Build configuration list for PBXNativeTarget "Product Catalog" */;
			buildPhases = (
				683C90981D70E29300CE0430 /* Sources */,
				683C90991D70E29300CE0430 /* Frameworks */,
				683C909A1D70E29300CE0430 /* Resources */,
			);
			buildRules = (
			);
			dependencies = (
			);
			name = "Product Catalog";
			productName = "Product Catalog";
			productReference = 683C909C1D70E29300CE0430 /* Product Catalog.app */;
			productType = "com.apple.product-type.application";
		};
/* End PBXNativeTarget section */

/* Begin PBXProject section */
		683C90941D70E29300CE0430 /* Project object */ = {
			isa = PBXProject;
			attributes = {
				LastUpgradeCheck = 0730;
				ORGANIZATIONNAME = Organo;
				TargetAttributes = {
					683C909B1D70E29300CE0430 = {
						CreatedOnToolsVersion = 7.3.1;
					};
				};
			};
			buildConfigurationList = 683C90971D70E29300CE0430 /* Build configuration list for PBXProject "Product Catalog" */;
			compatibilityVersion = "Xcode 3.2";
			developmentRegion = English;
			hasScannedForEncodings = 0;
			knownRegions = (
				en,
				Base,
			);
			mainGroup = 683C90931D70E29300CE0430;
			productRefGroup = 683C909D1D70E29300CE0430 /* Products */;
			projectDirPath = "";
			projectRoot = "";
			targets = (
				683C909B1D70E29300CE0430 /* Product Catalog */,
			);
		};
/* End PBXProject section */

/* Begin PBXResourcesBuildPhase section */
		683C909A1D70E29300CE0430 /* Resources */ = {
			isa = PBXResourcesBuildPhase;
			buildActionMask = 2147483647;
			files = (
				683C90B21D70E29300CE0430 /* LaunchScreen.storyboard in Resources */,
				683C90AF1D70E29300CE0430 /* Assets.xcassets in Resources */,
				683C90AA1D70E29300CE0430 /* Main.storyboard in Resources */,
			);
			runOnlyForDeploymentPostprocessing = 0;
		};
/* End PBXResourcesBuildPhase section */

/* Begin PBXSourcesBuildPhase section */
		683C90981D70E29300CE0430 /* Sources */ = {
			isa = PBXSourcesBuildPhase;
			buildActionMask = 2147483647;
			files = (
				683C90BD1D70FAB100CE0430 /* Intro.m in Sources */,
				683C90A71D70E29300CE0430 /* Start.m in Sources */,
				683C90C01D70FC3A00CE0430 /* Declarations.m in Sources */,
				683C90A41D70E29300CE0430 /* AppDelegate.m in Sources */,
				683C90A11D70E29300CE0430 /* main.m in Sources */,
				683C90AD1D70E29300CE0430 /* Product_Catalog.xcdatamodeld in Sources */,
			);
			runOnlyForDeploymentPostprocessing = 0;
		};
/* End PBXSourcesBuildPhase section */

/* Begin PBXVariantGroup section */
		683C90A81D70E29300CE0430 /* Main.storyboard */ = {
			isa = PBXVariantGroup;
			children = (
				683C90A91D70E29300CE0430 /* Base */,
			);
			name = Main.storyboard;
			sourceTree = "<group>";
		};
		683C90B01D70E29300CE0430 /* LaunchScreen.storyboard */ = {
			isa = PBXVariantGroup;
			children = (
				683C90B11D70E29300CE0430 /* Base */,
			);
			name = LaunchScreen.storyboard;
			sourceTree = "<group>";
		};
/* End PBXVariantGroup section */

/* Begin XCBuildConfiguration section */
		683C90B41D70E29300CE0430 /* Debug */ = {
			isa = XCBuildConfiguration;
			buildSettings = {
				ALWAYS_SEARCH_USER_PATHS = NO;
				CLANG_ANALYZER_NONNULL = YES;
				CLANG_CXX_LANGUAGE_STANDARD = "gnu++0x";
				CLANG_CXX_LIBRARY = "libc++";
				CLANG_ENABLE_MODULES = YES;
				CLANG_ENABLE_OBJC_ARC = YES;
				CLANG_WARN_BOOL_CONVERSION = YES;
				CLANG_WARN_CONSTANT_CONVERSION = YES;
				CLANG_WARN_DIRECT_OBJC_ISA_USAGE = YES_ERROR;
				CLANG_WARN_EMPTY_BODY = YES;
				CLANG_WARN_ENUM_CONVERSION = YES;
				CLANG_WARN_INT_CONVERSION = YES;
				CLANG_WARN_OBJC_ROOT_CLASS = YES_ERROR;
				CLANG_WARN_UNREACHABLE_CODE = YES;
				CLANG_WARN__DUPLICATE_METHOD_MATCH = YES;
				"CODE_SIGN_IDENTITY[sdk=iphoneos*]" = "iPhone Developer";
				COPY_PHASE_STRIP = NO;
				DEBUG_INFORMATION_FORMAT = dwarf;
				ENABLE_STRICT_OBJC_MSGSEND = YES;
				ENABLE_TESTABILITY = YES;
				GCC_C_LANGUAGE_STANDARD = gnu99;
				GCC_DYNAMIC_NO_PIC = NO;
				GCC_NO_COMMON_BLOCKS = YES;
				GCC_OPTIMIZATION_LEVEL = 0;
				GCC_PREPROCESSOR_DEFINITIONS = (
					"DEBUG=1",
					"$(inherited)",
				);
				GCC_WARN_64_TO_32_BIT_CONVERSION = YES;
				GCC_WARN_ABOUT_RETURN_TYPE = YES_ERROR;
				GCC_WARN_UNDECLARED_SELECTOR = YES;
				GCC_WARN_UNINITIALIZED_AUTOS = YES_AGGRESSIVE;
				GCC_WARN_UNUSED_FUNCTION = YES;
				GCC_WARN_UNUSED_VARIABLE = YES;
				IPHONEOS_DEPLOYMENT_TARGET = 9.3;
				MTL_ENABLE_DEBUG_INFO = YES;
				ONLY_ACTIVE_ARCH = YES;
				SDKROOT = iphoneos;
			};
			name = Debug;
		};
		683C90B51D70E29300CE0430 /* Release */ = {
			isa = XCBuildConfiguration;
			buildSettings = {
				ALWAYS_SEARCH_USER_PATHS = NO;
				CLANG_ANALYZER_NONNULL = YES;
				CLANG_CXX_LANGUAGE_STANDARD = "gnu++0x";
				CLANG_CXX_LIBRARY = "libc++";
				CLANG_ENABLE_MODULES = YES;
				CLANG_ENABLE_OBJC_ARC = YES;
				CLANG_WARN_BOOL_CONVERSION = YES;
				CLANG_WARN_CONSTANT_CONVERSION = YES;
				CLANG_WARN_DIRECT_OBJC_ISA_USAGE = YES_ERROR;
				CLANG_WARN_EMPTY_BODY = YES;
				CLANG_WARN_ENUM_CONVERSION = YES;
				CLANG_WARN_INT_CONVERSION = YES;
				CLANG_WARN_OBJC_ROOT_CLASS = YES_ERROR;
				CLANG_WARN_UNREACHABLE_CODE = YES;
				CLANG_WARN__DUPLICATE_METHOD_MATCH = YES;
				"CODE_SIGN_IDENTITY[sdk=iphoneos*]" = "iPhone Developer";
				COPY_PHASE_STRIP = NO;
				DEBUG_INFORMATION_FORMAT = "dwarf-with-dsym";
				ENABLE_NS_ASSERTIONS = NO;
				ENABLE_STRICT_OBJC_MSGSEND = YES;
				GCC_C_LANGUAGE_STANDARD = gnu99;
				GCC_NO_COMMON_BLOCKS = YES;
				GCC_WARN_64_TO_32_BIT_CONVERSION = YES;
				GCC_WARN_ABOUT_RETURN_TYPE = YES_ERROR;
				GCC_WARN_UNDECLARED_SELECTOR = YES;
				GCC_WARN_UNINITIALIZED_AUTOS = YES_AGGRESSIVE;
				GCC_WARN_UNUSED_FUNCTION = YES;
				GCC_WARN_UNUSED_VARIABLE = YES;
				IPHONEOS_DEPLOYMENT_TARGET = 9.3;
				MTL_ENABLE_DEBUG_INFO = NO;
				SDKROOT = iphoneos;
				VALIDATE_PRODUCT = YES;
			};
			name = Release;
		};
		683C90B71D70E29300CE0430 /* Debug */ = {
			isa = XCBuildConfiguration;
			buildSettings = {
				ASSETCATALOG_COMPILER_APPICON_NAME = AppIcon;
				INFOPLIST_FILE = "Product Catalog/Info.plist";
				LD_RUNPATH_SEARCH_PATHS = "$(inherited) @executable_path/Frameworks";
				PRODUCT_BUNDLE_IDENTIFIER = "com.organo.Product-Catalog";
				PRODUCT_NAME = "$(TARGET_NAME)";
			};
			name = Debug;
		};
		683C90B81D70E29300CE0430 /* Release */ = {
			isa = XCBuildConfiguration;
			buildSettings = {
				ASSETCATALOG_COMPILER_APPICON_NAME = AppIcon;
				INFOPLIST_FILE = "Product Catalog/Info.plist";
				LD_RUNPATH_SEARCH_PATHS = "$(inherited) @executable_path/Frameworks";
				PRODUCT_BUNDLE_IDENTIFIER = "com.organo.Product-Catalog";
				PRODUCT_NAME = "$(TARGET_NAME)";
			};
			name = Release;
		};
/* End XCBuildConfiguration section */

/* Begin XCConfigurationList section */
		683C90971D70E29300CE0430 /* Build configuration list for PBXProject "Product Catalog" */ = {
			isa = XCConfigurationList;
			buildConfigurations = (
				683C90B41D70E29300CE0430 /* Debug */,
				683C90B51D70E29300CE0430 /* Release */,
			);
			defaultConfigurationIsVisible = 0;
			defaultConfigurationName = Release;
		};
		683C90B61D70E29300CE0430 /* Build configuration list for PBXNativeTarget "Product Catalog" */ = {
			isa = XCConfigurationList;
			buildConfigurations = (
				683C90B71D70E29300CE0430 /* Debug */,
				683C90B81D70E29300CE0430 /* Release */,
			);
			defaultConfigurationIsVisible = 0;
		};
/* End XCConfigurationList section */

/* Begin XCVersionGroup section */
		683C90AB1D70E29300CE0430 /* Product_Catalog.xcdatamodeld */ = {
			isa = XCVersionGroup;
			children = (
				683C90AC1D70E29300CE0430 /* Product_Catalog.xcdatamodel */,
			);
			currentVersion = 683C90AC1D70E29300CE0430 /* Product_Catalog.xcdatamodel */;
			path = Product_Catalog.xcdatamodeld;
			sourceTree = "<group>";
			versionGroupType = wrapper.xcdatamodel;
		};
/* End XCVersionGroup section */
	};
	rootObject = 683C90941D70E29300CE0430 /* Project object */;
}
